
Microsoft Visual Studio Solution File, Format Version 12.00
# Visual Studio 15
VisualStudioVersion = 15.0.28307.902
MinimumVisualStudioVersion = 10.0.40219.1
Project("{FAE04EC0-301F-11D3-BF4B-00C04F79EFBC}") = "PartyInvites", "PartyInvites\PartyInvites.csproj", "{78CE8ADF-4D03-49E3-88A1-EEB5ACF767F9}"
EndProject
Global
	GlobalSection(SolutionConfigurationPlatforms) = preSolution
		Debug|Any CPU = Debug|Any CPU
		Release|Any CPU = Release|Any CPU
	EndGlobalSection
	GlobalSection(ProjectConfigurationPlatforms) = postSolution
		{78CE8ADF-4D03-49E3-88A1-EEB5ACF767F9}.Debug|Any CPU.ActiveCfg = Debug|Any CPU
		{78CE8ADF-4D03-49E3-88A1-EEB5ACF767F9}.Debug|Any CPU.Build.0 = Debug|Any CPU
		{78CE8ADF-4D03-49E3-88A1-EEB5ACF767F9}.Release|Any CPU.ActiveCfg = Release|Any CPU
		{78CE8ADF-4D03-49E3-88A1-EEB5ACF767F9}.Release|Any CPU.Build.0 = Release|Any CPU
	EndGlobalSection
	GlobalSection(SolutionProperties) = preSolution
		HideSolutionNode = FALSE
	EndGlobalSection
	GlobalSection(ExtensibilityGlobals) = postSolution
		SolutionGuid = {11C62D2C-0400-4767-8C06-47DC878D9670}
	EndGlobalSection
EndGlobal
